
Microsoft Visual Studio Solution File, Format Version 12.00
# Visual Studio Version 17
VisualStudioVersion = 17.2.32630.192
MinimumVisualStudioVersion = 10.0.40219.1
Project("{FAE04EC0-301F-11D3-BF4B-00C04F79EFBC}") = "FDT.DataAquisition.Messaging", "FDT.DataAquisition.Messaging\FDT.DataAquisition.Messaging.csproj", "{DDCB92E4-CD74-4150-8A8F-176197E0713C}"
EndProject
Global
	GlobalSection(SolutionConfigurationPlatforms) = preSolution
		Debug|Any CPU = Debug|Any CPU
		Release|Any CPU = Release|Any CPU
	EndGlobalSection
	GlobalSection(ProjectConfigurationPlatforms) = postSolution
		{DDCB92E4-CD74-4150-8A8F-176197E0713C}.Debug|Any CPU.ActiveCfg = Debug|Any CPU
		{DDCB92E4-CD74-4150-8A8F-176197E0713C}.Debug|Any CPU.Build.0 = Debug|Any CPU
		{DDCB92E4-CD74-4150-8A8F-176197E0713C}.Release|Any CPU.ActiveCfg = Release|Any CPU
		{DDCB92E4-CD74-4150-8A8F-176197E0713C}.Release|Any CPU.Build.0 = Release|Any CPU
	EndGlobalSection
	GlobalSection(SolutionProperties) = preSolution
		HideSolutionNode = FALSE
	EndGlobalSection
	GlobalSection(ExtensibilityGlobals) = postSolution
		SolutionGuid = {4887FD05-3820-4F22-B3A9-38B4308E3CE4}
	EndGlobalSection
EndGlobal
